
Microsoft Visual Studio Solution File, Format Version 12.00
# Visual Studio Version 17
VisualStudioVersion = 17.5.002.0
MinimumVisualStudioVersion = 10.0.40219.1
Project("{9A19103F-16F7-4668-BE54-9A1E7A4F7556}") = "InfoRental", "InfoRental.csproj", "{EC5CA315-3531-4731-B551-A1BF19E2E2EB}"
EndProject
Global
	GlobalSection(SolutionConfigurationPlatforms) = preSolution
		Debug|Any CPU = Debug|Any CPU
		Release|Any CPU = Release|Any CPU
	EndGlobalSection
	GlobalSection(ProjectConfigurationPlatforms) = postSolution
		{EC5CA315-3531-4731-B551-A1BF19E2E2EB}.Debug|Any CPU.ActiveCfg = Debug|Any CPU
		{EC5CA315-3531-4731-B551-A1BF19E2E2EB}.Debug|Any CPU.Build.0 = Debug|Any CPU
		{EC5CA315-3531-4731-B551-A1BF19E2E2EB}.Release|Any CPU.ActiveCfg = Release|Any CPU
		{EC5CA315-3531-4731-B551-A1BF19E2E2EB}.Release|Any CPU.Build.0 = Release|Any CPU
	EndGlobalSection
	GlobalSection(SolutionProperties) = preSolution
		HideSolutionNode = FALSE
	EndGlobalSection
	GlobalSection(ExtensibilityGlobals) = postSolution
		SolutionGuid = {D0D1EAC7-44DE-416E-A26A-420B40391FF2}
	EndGlobalSection
EndGlobal
